{
  "nodes": {
    "crane": {
      "inputs": {
        "flake-compat": [
          "flake-compat"
        ],
        "flake-utils": [
          "flake-utils"
        ],
        "nixpkgs": [
          "nixpkgs"
        ],
        "rust-overlay": [
          "rust-overlay"
        ]
      },
      "locked": {
        "lastModified": 1695511445,
        "narHash": "sha256-mnE14re43v3/Jc50Jv0BKPMtEk7FEtDSligP6B5HwlI=",
        "owner": "ipetkov",
        "repo": "crane",
        "rev": "3de322e06fc88ada5e3589dc8a375b73e749f512",
        "type": "github"
      },
      "original": {
        "owner": "ipetkov",
        "repo": "crane",
        "type": "github"
      }
    },
    "fenix": {
      "inputs": {
        "nixpkgs": [
          "noir",
          "nixpkgs"
        ],
        "rust-analyzer-src": "rust-analyzer-src"
      },
      "locked": {
        "lastModified": 1694499657,
        "narHash": "sha256-u/fZtLtN7VcDrMMVrdsFy93PEkaiK+tNpJT9on4SGdU=",
        "owner": "nix-community",
        "repo": "fenix",
        "rev": "2895ff377cbb3cb6f5dd92066734b0447cb04e20",
        "type": "github"
      },
      "original": {
        "owner": "nix-community",
        "repo": "fenix",
        "type": "github"
      }
    },
    "flake-compat": {
      "flake": false,
      "locked": {
        "lastModified": 1673956053,
        "narHash": "sha256-4gtG9iQuiKITOjNQQeQIpoIB6b16fm+504Ch3sNKLd8=",
        "owner": "edolstra",
        "repo": "flake-compat",
        "rev": "35bb57c0c8d8b62bbfd284272c928ceb64ddbde9",
        "type": "github"
      },
      "original": {
        "owner": "edolstra",
        "repo": "flake-compat",
        "type": "github"
      }
    },
    "flake-parts": {
      "inputs": {
        "nixpkgs-lib": [
          "nixpkgs"
        ]
      },
      "locked": {
        "lastModified": 1693611461,
        "narHash": "sha256-aPODl8vAgGQ0ZYFIRisxYG5MOGSkIczvu2Cd8Gb9+1Y=",
        "owner": "hercules-ci",
        "repo": "flake-parts",
        "rev": "7f53fdb7bdc5bb237da7fefef12d099e4fd611ca",
        "type": "github"
      },
      "original": {
        "owner": "hercules-ci",
        "repo": "flake-parts",
        "type": "github"
      }
    },
    "flake-utils": {
      "inputs": {
        "systems": "systems"
      },
      "locked": {
        "lastModified": 1694529238,
        "narHash": "sha256-zsNZZGTGnMOf9YpHKJqMSsa0dXbfmxeoJ7xHlrt+xmY=",
        "owner": "numtide",
        "repo": "flake-utils",
        "rev": "ff7b65b44d01cf9ba6a71320833626af21126384",
        "type": "github"
      },
      "original": {
        "owner": "numtide",
        "repo": "flake-utils",
        "type": "github"
      }
    },
    "nix2container": {
      "inputs": {
        "flake-utils": [
          "flake-utils"
        ],
        "nixpkgs": [
          "nixpkgs"
        ]
      },
      "locked": {
        "lastModified": 1695754148,
        "narHash": "sha256-Yd9RtAswzb5XDDmrZWB2X0clTFIzJbCPHLpTLoYnJR4=",
        "owner": "nlewo",
        "repo": "nix2container",
        "rev": "4d228f3722d441ad19f29f11a277097641002409",
        "type": "github"
      },
      "original": {
        "owner": "nlewo",
        "repo": "nix2container",
        "type": "github"
      }
    },
    "nixpkgs": {
      "locked": {
        "lastModified": 1695830400,
        "narHash": "sha256-gToZXQVr0G/1WriO83olnqrLSHF2Jb8BPcmCt497ro0=",
        "owner": "NixOS",
        "repo": "nixpkgs",
        "rev": "8a86b98f0ba1c405358f1b71ff8b5e1d317f5db2",
        "type": "github"
      },
      "original": {
        "owner": "NixOS",
        "ref": "nixos-unstable",
        "repo": "nixpkgs",
        "type": "github"
      }
    },
    "noir": {
      "inputs": {
        "crane": [
          "crane"
        ],
        "fenix": "fenix",
        "flake-compat": [
          "flake-compat"
        ],
        "flake-utils": [
          "flake-utils"
        ],
        "nixpkgs": [
          "nixpkgs"
        ]
      },
      "locked": {
        "lastModified": 1696107149,
        "narHash": "sha256-bndDIcysyb7QlUfXXafXkoXqmDiLYGAZ9/YFgDpGqPA=",
        "owner": "noir-lang",
        "repo": "noir",
        "rev": "b039e2a3da2f33991eab41df57324d98f94fea93",
        "type": "github"
      },
      "original": {
        "owner": "noir-lang",
        "repo": "noir",
        "type": "github"
      }
    },
    "root": {
      "inputs": {
        "crane": "crane",
        "flake-compat": "flake-compat",
        "flake-parts": "flake-parts",
        "flake-utils": "flake-utils",
        "nix2container": "nix2container",
        "nixpkgs": "nixpkgs",
        "noir": "noir",
        "rust-overlay": "rust-overlay"
      }
    },
    "rust-analyzer-src": {
      "flake": false,
      "locked": {
        "lastModified": 1694421477,
        "narHash": "sha256-df6YZzR57VFzkOPwIohJfC0fRwgq6yUPbMJkKAtQyAE=",
        "owner": "rust-lang",
        "repo": "rust-analyzer",
        "rev": "cc6c8209cbaf7df55013977cf5cc8488d6b7ff1c",
        "type": "github"
      },
      "original": {
        "owner": "rust-lang",
        "ref": "nightly",
        "repo": "rust-analyzer",
        "type": "github"
      }
    },
    "rust-overlay": {
      "inputs": {
        "flake-utils": [
          "flake-utils"
        ],
        "nixpkgs": [
          "nixpkgs"
        ]
      },
      "locked": {
        "lastModified": 1696039808,
        "narHash": "sha256-7TbAr9LskWG6ISPhUdyp6zHboT7FsFrME5QsWKybPTA=",
        "owner": "oxalica",
        "repo": "rust-overlay",
        "rev": "a4c3c904ab29e04a20d3a6da6626d66030385773",
        "type": "github"
      },
      "original": {
        "owner": "oxalica",
        "repo": "rust-overlay",
        "type": "github"
      }
    },
    "systems": {
      "locked": {
        "lastModified": 1681028828,
        "narHash": "sha256-Vy1rq5AaRuLzOxct8nz4T6wlgyUR7zLU309k9mBC768=",
        "owner": "nix-systems",
        "repo": "default",
        "rev": "da67096a3b9bf56a91d16901293e51ba5b49a27e",
        "type": "github"
      },
      "original": {
        "owner": "nix-systems",
        "repo": "default",
        "type": "github"
      }
    }
  },
  "root": "root",
  "version": 7
}
